
Microsoft Visual Studio Solution File, Format Version 12.00
# Visual Studio Version 16
VisualStudioVersion = 16.0.29911.84
MinimumVisualStudioVersion = 10.0.40219.1
Project("{9A19103F-16F7-4668-BE54-9A1E7A4F7556}") = "Chat", "Chat\Chat.csproj", "{8EA6A783-C618-49C0-8E29-CE9B49533CD9}"
EndProject
Global
	GlobalSection(SolutionConfigurationPlatforms) = preSolution
		Debug|Any CPU = Debug|Any CPU
		Release|Any CPU = Release|Any CPU
	EndGlobalSection
	GlobalSection(ProjectConfigurationPlatforms) = postSolution
		{8EA6A783-C618-49C0-8E29-CE9B49533CD9}.Debug|Any CPU.ActiveCfg = Debug|Any CPU
		{8EA6A783-C618-49C0-8E29-CE9B49533CD9}.Debug|Any CPU.Build.0 = Debug|Any CPU
		{8EA6A783-C618-49C0-8E29-CE9B49533CD9}.Release|Any CPU.ActiveCfg = Release|Any CPU
		{8EA6A783-C618-49C0-8E29-CE9B49533CD9}.Release|Any CPU.Build.0 = Release|Any CPU
	EndGlobalSection
	GlobalSection(SolutionProperties) = preSolution
		HideSolutionNode = FALSE
	EndGlobalSection
	GlobalSection(ExtensibilityGlobals) = postSolution
		SolutionGuid = {6ACFD06A-4F30-4C02-95D4-E3F3A9D86C23}
	EndGlobalSection
EndGlobal
